// !$*UTF8*$!
{
	archiveVersion = 1;
	classes = {
	};
	objectVersion = 46;
	objects = {

/* Begin PBXBuildFile section */
		3C1A4D8A1A38531800D2AD2C /* main.m in Sources */ = {isa = PBXBuildFile; fileRef = 3C1A4D891A38531800D2AD2C /* main.m */; };
		3C1A4D921A38535700D2AD2C /* ZKZBoss.m in Sources */ = {isa = PBXBuildFile; fileRef = 3C1A4D911A38535700D2AD2C /* ZKZBoss.m */; };
		3C1A4D961A38554300D2AD2C /* ZKZSec.m in Sources */ = {isa = PBXBuildFile; fileRef = 3C1A4D951A38554300D2AD2C /* ZKZSec.m */; };
/* End PBXBuildFile section */

/* Begin PBXCopyFilesBuildPhase section */
		3C1A4D841A38531800D2AD2C /* CopyFiles */ = {
			isa = PBXCopyFilesBuildPhase;
			buildActionMask = 2147483647;
			dstPath = /usr/share/man/man1/;
			dstSubfolderSpec = 0;
			files = (
			);
			runOnlyForDeploymentPostprocessing = 1;
		};
/* End PBXCopyFilesBuildPhase section */

/* Begin PBXFileReference section */
		3C1A4D861A38531800D2AD2C /* 设计模式之代理 */ = {isa = PBXFileReference; explicitFileType = "compiled.mach-o.executable"; includeInIndex = 0; path = "设计模式之代理"; sourceTree = BUILT_PRODUCTS_DIR; };
		3C1A4D891A38531800D2AD2C /* main.m */ = {isa = PBXFileReference; lastKnownFileType = sourcecode.c.objc; path = main.m; sourceTree = "<group>"; };
		3C1A4D901A38535700D2AD2C /* ZKZBoss.h */ = {isa = PBXFileReference; fileEncoding = 4; lastKnownFileType = sourcecode.c.h; path = ZKZBoss.h; sourceTree = "<group>"; };
		3C1A4D911A38535700D2AD2C /* ZKZBoss.m */ = {isa = PBXFileReference; fileEncoding = 4; lastKnownFileType = sourcecode.c.objc; path = ZKZBoss.m; sourceTree = "<group>"; };
		3C1A4D931A38550900D2AD2C /* Secdelegate.h */ = {isa = PBXFileReference; fileEncoding = 4; lastKnownFileType = sourcecode.c.h; path = Secdelegate.h; sourceTree = "<group>"; };
		3C1A4D941A38554300D2AD2C /* ZKZSec.h */ = {isa = PBXFileReference; fileEncoding = 4; lastKnownFileType = sourcecode.c.h; path = ZKZSec.h; sourceTree = "<group>"; };
		3C1A4D951A38554300D2AD2C /* ZKZSec.m */ = {isa = PBXFileReference; fileEncoding = 4; lastKnownFileType = sourcecode.c.objc; path = ZKZSec.m; sourceTree = "<group>"; };
/* End PBXFileReference section */

/* Begin PBXFrameworksBuildPhase section */
		3C1A4D831A38531800D2AD2C /* Frameworks */ = {
			isa = PBXFrameworksBuildPhase;
			buildActionMask = 2147483647;
			files = (
			);
			runOnlyForDeploymentPostprocessing = 0;
		};
/* End PBXFrameworksBuildPhase section */

/* Begin PBXGroup section */
		3C1A4D7D1A38531800D2AD2C = {
			isa = PBXGroup;
			children = (
				3C1A4D881A38531800D2AD2C /* 设计模式之代理 */,
				3C1A4D871A38531800D2AD2C /* Products */,
			);
			sourceTree = "<group>";
		};
		3C1A4D871A38531800D2AD2C /* Products */ = {
			isa = PBXGroup;
			children = (
				3C1A4D861A38531800D2AD2C /* 设计模式之代理 */,
			);
			name = Products;
			sourceTree = "<group>";
		};
		3C1A4D881A38531800D2AD2C /* 设计模式之代理 */ = {
			isa = PBXGroup;
			children = (
				3C1A4D891A38531800D2AD2C /* main.m */,
				3C1A4D901A38535700D2AD2C /* ZKZBoss.h */,
				3C1A4D911A38535700D2AD2C /* ZKZBoss.m */,
				3C1A4D931A38550900D2AD2C /* Secdelegate.h */,
				3C1A4D941A38554300D2AD2C /* ZKZSec.h */,
				3C1A4D951A38554300D2AD2C /* ZKZSec.m */,
			);
			path = "设计模式之代理";
			sourceTree = "<group>";
		};
/* End PBXGroup section */

/* Begin PBXNativeTarget section */
		3C1A4D851A38531800D2AD2C /* 设计模式之代理 */ = {
			isa = PBXNativeTarget;
			buildConfigurationList = 3C1A4D8D1A38531800D2AD2C /* Build configuration list for PBXNativeTarget "设计模式之代理" */;
			buildPhases = (
				3C1A4D821A38531800D2AD2C /* Sources */,
				3C1A4D831A38531800D2AD2C /* Frameworks */,
				3C1A4D841A38531800D2AD2C /* CopyFiles */,
			);
			buildRules = (
			);
			dependencies = (
			);
			name = "设计模式之代理";
			productName = "设计模式之代理";
			productReference = 3C1A4D861A38531800D2AD2C /* 设计模式之代理 */;
			productType = "com.apple.product-type.tool";
		};
/* End PBXNativeTarget section */

/* Begin PBXProject section */
		3C1A4D7E1A38531800D2AD2C /* Project object */ = {
			isa = PBXProject;
			attributes = {
				LastUpgradeCheck = 0610;
				ORGANIZATIONNAME = zkz;
				TargetAttributes = {
					3C1A4D851A38531800D2AD2C = {
						CreatedOnToolsVersion = 6.1;
					};
				};
			};
			buildConfigurationList = 3C1A4D811A38531800D2AD2C /* Build configuration list for PBXProject "设计模式之代理" */;
			compatibilityVersion = "Xcode 3.2";
			developmentRegion = English;
			hasScannedForEncodings = 0;
			knownRegions = (
				en,
			);
			mainGroup = 3C1A4D7D1A38531800D2AD2C;
			productRefGroup = 3C1A4D871A38531800D2AD2C /* Products */;
			projectDirPath = "";
			projectRoot = "";
			targets = (
				3C1A4D851A38531800D2AD2C /* 设计模式之代理 */,
			);
		};
/* End PBXProject section */

/* Begin PBXSourcesBuildPhase section */
		3C1A4D821A38531800D2AD2C /* Sources */ = {
			isa = PBXSourcesBuildPhase;
			buildActionMask = 2147483647;
			files = (
				3C1A4D921A38535700D2AD2C /* ZKZBoss.m in Sources */,
				3C1A4D961A38554300D2AD2C /* ZKZSec.m in Sources */,
				3C1A4D8A1A38531800D2AD2C /* main.m in Sources */,
			);
			runOnlyForDeploymentPostprocessing = 0;
		};
/* End PBXSourcesBuildPhase section */

/* Begin XCBuildConfiguration section */
		3C1A4D8B1A38531800D2AD2C /* Debug */ = {
			isa = XCBuildConfiguration;
			buildSettings = {
				ALWAYS_SEARCH_USER_PATHS = NO;
				CLANG_CXX_LANGUAGE_STANDARD = "gnu++0x";
				CLANG_CXX_LIBRARY = "libc++";
				CLANG_ENABLE_MODULES = YES;
				CLANG_ENABLE_OBJC_ARC = YES;
				CLANG_WARN_BOOL_CONVERSION = YES;
				CLANG_WARN_CONSTANT_CONVERSION = YES;
				CLANG_WARN_DIRECT_OBJC_ISA_USAGE = YES_ERROR;
				CLANG_WARN_EMPTY_BODY = YES;
				CLANG_WARN_ENUM_CONVERSION = YES;
				CLANG_WARN_INT_CONVERSION = YES;
				CLANG_WARN_OBJC_ROOT_CLASS = YES_ERROR;
				CLANG_WARN_UNREACHABLE_CODE = YES;
				CLANG_WARN__DUPLICATE_METHOD_MATCH = YES;
				COPY_PHASE_STRIP = NO;
				ENABLE_STRICT_OBJC_MSGSEND = YES;
				GCC_C_LANGUAGE_STANDARD = gnu99;
				GCC_DYNAMIC_NO_PIC = NO;
				GCC_OPTIMIZATION_LEVEL = 0;
				GCC_PREPROCESSOR_DEFINITIONS = (
					"DEBUG=1",
					"$(inherited)",
				);
				GCC_SYMBOLS_PRIVATE_EXTERN = NO;
				GCC_WARN_64_TO_32_BIT_CONVERSION = YES;
				GCC_WARN_ABOUT_RETURN_TYPE = YES_ERROR;
				GCC_WARN_UNDECLARED_SELECTOR = YES;
				GCC_WARN_UNINITIALIZED_AUTOS = YES_AGGRESSIVE;
				GCC_WARN_UNUSED_FUNCTION = YES;
				GCC_WARN_UNUSED_VARIABLE = YES;
				MACOSX_DEPLOYMENT_TARGET = 10.9;
				MTL_ENABLE_DEBUG_INFO = YES;
				ONLY_ACTIVE_ARCH = YES;
				SDKROOT = macosx;
			};
			name = Debug;
		};
		3C1A4D8C1A38531800D2AD2C /* Release */ = {
			isa = XCBuildConfiguration;
			buildSettings = {
				ALWAYS_SEARCH_USER_PATHS = NO;
				CLANG_CXX_LANGUAGE_STANDARD = "gnu++0x";
				CLANG_CXX_LIBRARY = "libc++";
				CLANG_ENABLE_MODULES = YES;
				CLANG_ENABLE_OBJC_ARC = YES;
				CLANG_WARN_BOOL_CONVERSION = YES;
				CLANG_WARN_CONSTANT_CONVERSION = YES;
				CLANG_WARN_DIRECT_OBJC_ISA_USAGE = YES_ERROR;
				CLANG_WARN_EMPTY_BODY = YES;
				CLANG_WARN_ENUM_CONVERSION = YES;
				CLANG_WARN_INT_CONVERSION = YES;
				CLANG_WARN_OBJC_ROOT_CLASS = YES_ERROR;
				CLANG_WARN_UNREACHABLE_CODE = YES;
				CLANG_WARN__DUPLICATE_METHOD_MATCH = YES;
				COPY_PHASE_STRIP = YES;
				DEBUG_INFORMATION_FORMAT = "dwarf-with-dsym";
				ENABLE_NS_ASSERTIONS = NO;
				ENABLE_STRICT_OBJC_MSGSEND = YES;
				GCC_C_LANGUAGE_STANDARD = gnu99;
				GCC_WARN_64_TO_32_BIT_CONVERSION = YES;
				GCC_WARN_ABOUT_RETURN_TYPE = YES_ERROR;
				GCC_WARN_UNDECLARED_SELECTOR = YES;
				GCC_WARN_UNINITIALIZED_AUTOS = YES_AGGRESSIVE;
				GCC_WARN_UNUSED_FUNCTION = YES;
				GCC_WARN_UNUSED_VARIABLE = YES;
				MACOSX_DEPLOYMENT_TARGET = 10.9;
				MTL_ENABLE_DEBUG_INFO = NO;
				SDKROOT = macosx;
			};
			name = Release;
		};
		3C1A4D8E1A38531800D2AD2C /* Debug */ = {
			isa = XCBuildConfiguration;
			buildSettings = {
				PRODUCT_NAME = "$(TARGET_NAME)";
			};
			name = Debug;
		};
		3C1A4D8F1A38531800D2AD2C /* Release */ = {
			isa = XCBuildConfiguration;
			buildSettings = {
				PRODUCT_NAME = "$(TARGET_NAME)";
			};
			name = Release;
		};
/* End XCBuildConfiguration section */

/* Begin XCConfigurationList section */
		3C1A4D811A38531800D2AD2C /* Build configuration list for PBXProject "设计模式之代理" */ = {
			isa = XCConfigurationList;
			buildConfigurations = (
				3C1A4D8B1A38531800D2AD2C /* Debug */,
				3C1A4D8C1A38531800D2AD2C /* Release */,
			);
			defaultConfigurationIsVisible = 0;
			defaultConfigurationName = Release;
		};
		3C1A4D8D1A38531800D2AD2C /* Build configuration list for PBXNativeTarget "设计模式之代理" */ = {
			isa = XCConfigurationList;
			buildConfigurations = (
				3C1A4D8E1A38531800D2AD2C /* Debug */,
				3C1A4D8F1A38531800D2AD2C /* Release */,
			);
			defaultConfigurationIsVisible = 0;
		};
/* End XCConfigurationList section */
	};
	rootObject = 3C1A4D7E1A38531800D2AD2C /* Project object */;
}
