// !$*UTF8*$!
{
	archiveVersion = 1;
	classes = {
	};
	objectVersion = 46;
	objects = {

/* Begin PBXBuildFile section */
		3CA9E5131A10494F00201E7B /* main.m in Sources */ = {isa = PBXBuildFile; fileRef = 3CA9E5121A10494F00201E7B /* main.m */; };
		3CA9E51D1A104A1900201E7B /* ZKZSum.m in Sources */ = {isa = PBXBuildFile; fileRef = 3CA9E51C1A104A1900201E7B /* ZKZSum.m */; };
/* End PBXBuildFile section */

/* Begin PBXCopyFilesBuildPhase section */
		3CA9E50D1A10494F00201E7B /* CopyFiles */ = {
			isa = PBXCopyFilesBuildPhase;
			buildActionMask = 2147483647;
			dstPath = /usr/share/man/man1/;
			dstSubfolderSpec = 0;
			files = (
			);
			runOnlyForDeploymentPostprocessing = 1;
		};
/* End PBXCopyFilesBuildPhase section */

/* Begin PBXFileReference section */
		3CA9E50F1A10494F00201E7B /* 类的声明练习 */ = {isa = PBXFileReference; explicitFileType = "compiled.mach-o.executable"; includeInIndex = 0; path = "类的声明练习"; sourceTree = BUILT_PRODUCTS_DIR; };
		3CA9E5121A10494F00201E7B /* main.m */ = {isa = PBXFileReference; lastKnownFileType = sourcecode.c.objc; path = main.m; sourceTree = "<group>"; };
		3CA9E51B1A104A1900201E7B /* ZKZSum.h */ = {isa = PBXFileReference; fileEncoding = 4; lastKnownFileType = sourcecode.c.h; path = ZKZSum.h; sourceTree = "<group>"; };
		3CA9E51C1A104A1900201E7B /* ZKZSum.m */ = {isa = PBXFileReference; fileEncoding = 4; lastKnownFileType = sourcecode.c.objc; path = ZKZSum.m; sourceTree = "<group>"; };
/* End PBXFileReference section */

/* Begin PBXFrameworksBuildPhase section */
		3CA9E50C1A10494F00201E7B /* Frameworks */ = {
			isa = PBXFrameworksBuildPhase;
			buildActionMask = 2147483647;
			files = (
			);
			runOnlyForDeploymentPostprocessing = 0;
		};
/* End PBXFrameworksBuildPhase section */

/* Begin PBXGroup section */
		3CA9E5061A10494F00201E7B = {
			isa = PBXGroup;
			children = (
				3CA9E5111A10494F00201E7B /* 类的声明练习 */,
				3CA9E5101A10494F00201E7B /* Products */,
			);
			sourceTree = "<group>";
		};
		3CA9E5101A10494F00201E7B /* Products */ = {
			isa = PBXGroup;
			children = (
				3CA9E50F1A10494F00201E7B /* 类的声明练习 */,
			);
			name = Products;
			sourceTree = "<group>";
		};
		3CA9E5111A10494F00201E7B /* 类的声明练习 */ = {
			isa = PBXGroup;
			children = (
				3CA9E5121A10494F00201E7B /* main.m */,
				3CA9E51B1A104A1900201E7B /* ZKZSum.h */,
				3CA9E51C1A104A1900201E7B /* ZKZSum.m */,
			);
			path = "类的声明练习";
			sourceTree = "<group>";
		};
/* End PBXGroup section */

/* Begin PBXNativeTarget section */
		3CA9E50E1A10494F00201E7B /* 类的声明练习 */ = {
			isa = PBXNativeTarget;
			buildConfigurationList = 3CA9E5161A10494F00201E7B /* Build configuration list for PBXNativeTarget "类的声明练习" */;
			buildPhases = (
				3CA9E50B1A10494F00201E7B /* Sources */,
				3CA9E50C1A10494F00201E7B /* Frameworks */,
				3CA9E50D1A10494F00201E7B /* CopyFiles */,
			);
			buildRules = (
			);
			dependencies = (
			);
			name = "类的声明练习";
			productName = "类的声明练习";
			productReference = 3CA9E50F1A10494F00201E7B /* 类的声明练习 */;
			productType = "com.apple.product-type.tool";
		};
/* End PBXNativeTarget section */

/* Begin PBXProject section */
		3CA9E5071A10494F00201E7B /* Project object */ = {
			isa = PBXProject;
			attributes = {
				LastUpgradeCheck = 0610;
				ORGANIZATIONNAME = zkz;
				TargetAttributes = {
					3CA9E50E1A10494F00201E7B = {
						CreatedOnToolsVersion = 6.1;
					};
				};
			};
			buildConfigurationList = 3CA9E50A1A10494F00201E7B /* Build configuration list for PBXProject "类的声明练习" */;
			compatibilityVersion = "Xcode 3.2";
			developmentRegion = English;
			hasScannedForEncodings = 0;
			knownRegions = (
				en,
			);
			mainGroup = 3CA9E5061A10494F00201E7B;
			productRefGroup = 3CA9E5101A10494F00201E7B /* Products */;
			projectDirPath = "";
			projectRoot = "";
			targets = (
				3CA9E50E1A10494F00201E7B /* 类的声明练习 */,
			);
		};
/* End PBXProject section */

/* Begin PBXSourcesBuildPhase section */
		3CA9E50B1A10494F00201E7B /* Sources */ = {
			isa = PBXSourcesBuildPhase;
			buildActionMask = 2147483647;
			files = (
				3CA9E5131A10494F00201E7B /* main.m in Sources */,
				3CA9E51D1A104A1900201E7B /* ZKZSum.m in Sources */,
			);
			runOnlyForDeploymentPostprocessing = 0;
		};
/* End PBXSourcesBuildPhase section */

/* Begin XCBuildConfiguration section */
		3CA9E5141A10494F00201E7B /* Debug */ = {
			isa = XCBuildConfiguration;
			buildSettings = {
				ALWAYS_SEARCH_USER_PATHS = NO;
				CLANG_CXX_LANGUAGE_STANDARD = "gnu++0x";
				CLANG_CXX_LIBRARY = "libc++";
				CLANG_ENABLE_MODULES = YES;
				CLANG_ENABLE_OBJC_ARC = YES;
				CLANG_WARN_BOOL_CONVERSION = YES;
				CLANG_WARN_CONSTANT_CONVERSION = YES;
				CLANG_WARN_DIRECT_OBJC_ISA_USAGE = YES_ERROR;
				CLANG_WARN_EMPTY_BODY = YES;
				CLANG_WARN_ENUM_CONVERSION = YES;
				CLANG_WARN_INT_CONVERSION = YES;
				CLANG_WARN_OBJC_ROOT_CLASS = YES_ERROR;
				CLANG_WARN_UNREACHABLE_CODE = YES;
				CLANG_WARN__DUPLICATE_METHOD_MATCH = YES;
				COPY_PHASE_STRIP = NO;
				ENABLE_STRICT_OBJC_MSGSEND = YES;
				GCC_C_LANGUAGE_STANDARD = gnu99;
				GCC_DYNAMIC_NO_PIC = NO;
				GCC_OPTIMIZATION_LEVEL = 0;
				GCC_PREPROCESSOR_DEFINITIONS = (
					"DEBUG=1",
					"$(inherited)",
				);
				GCC_SYMBOLS_PRIVATE_EXTERN = NO;
				GCC_WARN_64_TO_32_BIT_CONVERSION = YES;
				GCC_WARN_ABOUT_RETURN_TYPE = YES_ERROR;
				GCC_WARN_UNDECLARED_SELECTOR = YES;
				GCC_WARN_UNINITIALIZED_AUTOS = YES_AGGRESSIVE;
				GCC_WARN_UNUSED_FUNCTION = YES;
				GCC_WARN_UNUSED_VARIABLE = YES;
				MACOSX_DEPLOYMENT_TARGET = 10.9;
				MTL_ENABLE_DEBUG_INFO = YES;
				ONLY_ACTIVE_ARCH = YES;
				SDKROOT = macosx;
			};
			name = Debug;
		};
		3CA9E5151A10494F00201E7B /* Release */ = {
			isa = XCBuildConfiguration;
			buildSettings = {
				ALWAYS_SEARCH_USER_PATHS = NO;
				CLANG_CXX_LANGUAGE_STANDARD = "gnu++0x";
				CLANG_CXX_LIBRARY = "libc++";
				CLANG_ENABLE_MODULES = YES;
				CLANG_ENABLE_OBJC_ARC = YES;
				CLANG_WARN_BOOL_CONVERSION = YES;
				CLANG_WARN_CONSTANT_CONVERSION = YES;
				CLANG_WARN_DIRECT_OBJC_ISA_USAGE = YES_ERROR;
				CLANG_WARN_EMPTY_BODY = YES;
				CLANG_WARN_ENUM_CONVERSION = YES;
				CLANG_WARN_INT_CONVERSION = YES;
				CLANG_WARN_OBJC_ROOT_CLASS = YES_ERROR;
				CLANG_WARN_UNREACHABLE_CODE = YES;
				CLANG_WARN__DUPLICATE_METHOD_MATCH = YES;
				COPY_PHASE_STRIP = YES;
				DEBUG_INFORMATION_FORMAT = "dwarf-with-dsym";
				ENABLE_NS_ASSERTIONS = NO;
				ENABLE_STRICT_OBJC_MSGSEND = YES;
				GCC_C_LANGUAGE_STANDARD = gnu99;
				GCC_WARN_64_TO_32_BIT_CONVERSION = YES;
				GCC_WARN_ABOUT_RETURN_TYPE = YES_ERROR;
				GCC_WARN_UNDECLARED_SELECTOR = YES;
				GCC_WARN_UNINITIALIZED_AUTOS = YES_AGGRESSIVE;
				GCC_WARN_UNUSED_FUNCTION = YES;
				GCC_WARN_UNUSED_VARIABLE = YES;
				MACOSX_DEPLOYMENT_TARGET = 10.9;
				MTL_ENABLE_DEBUG_INFO = NO;
				SDKROOT = macosx;
			};
			name = Release;
		};
		3CA9E5171A10494F00201E7B /* Debug */ = {
			isa = XCBuildConfiguration;
			buildSettings = {
				PRODUCT_NAME = "$(TARGET_NAME)";
			};
			name = Debug;
		};
		3CA9E5181A10494F00201E7B /* Release */ = {
			isa = XCBuildConfiguration;
			buildSettings = {
				PRODUCT_NAME = "$(TARGET_NAME)";
			};
			name = Release;
		};
/* End XCBuildConfiguration section */

/* Begin XCConfigurationList section */
		3CA9E50A1A10494F00201E7B /* Build configuration list for PBXProject "类的声明练习" */ = {
			isa = XCConfigurationList;
			buildConfigurations = (
				3CA9E5141A10494F00201E7B /* Debug */,
				3CA9E5151A10494F00201E7B /* Release */,
			);
			defaultConfigurationIsVisible = 0;
			defaultConfigurationName = Release;
		};
		3CA9E5161A10494F00201E7B /* Build configuration list for PBXNativeTarget "类的声明练习" */ = {
			isa = XCConfigurationList;
			buildConfigurations = (
				3CA9E5171A10494F00201E7B /* Debug */,
				3CA9E5181A10494F00201E7B /* Release */,
			);
			defaultConfigurationIsVisible = 0;
		};
/* End XCConfigurationList section */
	};
	rootObject = 3CA9E5071A10494F00201E7B /* Project object */;
}
