// !$*UTF8*$!
{
	archiveVersion = 1;
	classes = {
	};
	objectVersion = 46;
	objects = {

/* Begin PBXBuildFile section */
		3CF1FAFE1A11B222003564E0 /* main.m in Sources */ = {isa = PBXBuildFile; fileRef = 3CF1FAFD1A11B222003564E0 /* main.m */; };
		3CF1FB061A11B24F003564E0 /* ZKZShape.m in Sources */ = {isa = PBXBuildFile; fileRef = 3CF1FB051A11B24F003564E0 /* ZKZShape.m */; };
		3CF1FB091A11B679003564E0 /* ZKZRectangle.m in Sources */ = {isa = PBXBuildFile; fileRef = 3CF1FB081A11B679003564E0 /* ZKZRectangle.m */; };
		3CF1FB0C1A11B847003564E0 /* ZKZSquare.m in Sources */ = {isa = PBXBuildFile; fileRef = 3CF1FB0B1A11B847003564E0 /* ZKZSquare.m */; };
		3CF1FB0F1A11BED4003564E0 /* ZKZCircle.m in Sources */ = {isa = PBXBuildFile; fileRef = 3CF1FB0E1A11BED4003564E0 /* ZKZCircle.m */; };
		3CF1FB121A11C6ED003564E0 /* ZKZTriangle.m in Sources */ = {isa = PBXBuildFile; fileRef = 3CF1FB111A11C6ED003564E0 /* ZKZTriangle.m */; };
/* End PBXBuildFile section */

/* Begin PBXCopyFilesBuildPhase section */
		3CF1FAF81A11B222003564E0 /* CopyFiles */ = {
			isa = PBXCopyFilesBuildPhase;
			buildActionMask = 2147483647;
			dstPath = /usr/share/man/man1/;
			dstSubfolderSpec = 0;
			files = (
			);
			runOnlyForDeploymentPostprocessing = 1;
		};
/* End PBXCopyFilesBuildPhase section */

/* Begin PBXFileReference section */
		3CF1FAFA1A11B222003564E0 /* 继承1 */ = {isa = PBXFileReference; explicitFileType = "compiled.mach-o.executable"; includeInIndex = 0; path = "继承1"; sourceTree = BUILT_PRODUCTS_DIR; };
		3CF1FAFD1A11B222003564E0 /* main.m */ = {isa = PBXFileReference; lastKnownFileType = sourcecode.c.objc; path = main.m; sourceTree = "<group>"; };
		3CF1FB041A11B24F003564E0 /* ZKZShape.h */ = {isa = PBXFileReference; fileEncoding = 4; lastKnownFileType = sourcecode.c.h; path = ZKZShape.h; sourceTree = "<group>"; };
		3CF1FB051A11B24F003564E0 /* ZKZShape.m */ = {isa = PBXFileReference; fileEncoding = 4; lastKnownFileType = sourcecode.c.objc; path = ZKZShape.m; sourceTree = "<group>"; };
		3CF1FB071A11B679003564E0 /* ZKZRectangle.h */ = {isa = PBXFileReference; fileEncoding = 4; lastKnownFileType = sourcecode.c.h; path = ZKZRectangle.h; sourceTree = "<group>"; };
		3CF1FB081A11B679003564E0 /* ZKZRectangle.m */ = {isa = PBXFileReference; fileEncoding = 4; lastKnownFileType = sourcecode.c.objc; path = ZKZRectangle.m; sourceTree = "<group>"; };
		3CF1FB0A1A11B847003564E0 /* ZKZSquare.h */ = {isa = PBXFileReference; fileEncoding = 4; lastKnownFileType = sourcecode.c.h; path = ZKZSquare.h; sourceTree = "<group>"; };
		3CF1FB0B1A11B847003564E0 /* ZKZSquare.m */ = {isa = PBXFileReference; fileEncoding = 4; lastKnownFileType = sourcecode.c.objc; path = ZKZSquare.m; sourceTree = "<group>"; };
		3CF1FB0D1A11BED4003564E0 /* ZKZCircle.h */ = {isa = PBXFileReference; fileEncoding = 4; lastKnownFileType = sourcecode.c.h; path = ZKZCircle.h; sourceTree = "<group>"; };
		3CF1FB0E1A11BED4003564E0 /* ZKZCircle.m */ = {isa = PBXFileReference; fileEncoding = 4; lastKnownFileType = sourcecode.c.objc; path = ZKZCircle.m; sourceTree = "<group>"; };
		3CF1FB101A11C6ED003564E0 /* ZKZTriangle.h */ = {isa = PBXFileReference; fileEncoding = 4; lastKnownFileType = sourcecode.c.h; path = ZKZTriangle.h; sourceTree = "<group>"; };
		3CF1FB111A11C6ED003564E0 /* ZKZTriangle.m */ = {isa = PBXFileReference; fileEncoding = 4; lastKnownFileType = sourcecode.c.objc; path = ZKZTriangle.m; sourceTree = "<group>"; };
/* End PBXFileReference section */

/* Begin PBXFrameworksBuildPhase section */
		3CF1FAF71A11B222003564E0 /* Frameworks */ = {
			isa = PBXFrameworksBuildPhase;
			buildActionMask = 2147483647;
			files = (
			);
			runOnlyForDeploymentPostprocessing = 0;
		};
/* End PBXFrameworksBuildPhase section */

/* Begin PBXGroup section */
		3CF1FAF11A11B222003564E0 = {
			isa = PBXGroup;
			children = (
				3CF1FAFC1A11B222003564E0 /* 继承1 */,
				3CF1FAFB1A11B222003564E0 /* Products */,
			);
			sourceTree = "<group>";
		};
		3CF1FAFB1A11B222003564E0 /* Products */ = {
			isa = PBXGroup;
			children = (
				3CF1FAFA1A11B222003564E0 /* 继承1 */,
			);
			name = Products;
			sourceTree = "<group>";
		};
		3CF1FAFC1A11B222003564E0 /* 继承1 */ = {
			isa = PBXGroup;
			children = (
				3CF1FAFD1A11B222003564E0 /* main.m */,
				3CF1FB041A11B24F003564E0 /* ZKZShape.h */,
				3CF1FB051A11B24F003564E0 /* ZKZShape.m */,
				3CF1FB071A11B679003564E0 /* ZKZRectangle.h */,
				3CF1FB081A11B679003564E0 /* ZKZRectangle.m */,
				3CF1FB0A1A11B847003564E0 /* ZKZSquare.h */,
				3CF1FB0B1A11B847003564E0 /* ZKZSquare.m */,
				3CF1FB0D1A11BED4003564E0 /* ZKZCircle.h */,
				3CF1FB0E1A11BED4003564E0 /* ZKZCircle.m */,
				3CF1FB101A11C6ED003564E0 /* ZKZTriangle.h */,
				3CF1FB111A11C6ED003564E0 /* ZKZTriangle.m */,
			);
			path = "继承1";
			sourceTree = "<group>";
		};
/* End PBXGroup section */

/* Begin PBXNativeTarget section */
		3CF1FAF91A11B222003564E0 /* 继承1 */ = {
			isa = PBXNativeTarget;
			buildConfigurationList = 3CF1FB011A11B222003564E0 /* Build configuration list for PBXNativeTarget "继承1" */;
			buildPhases = (
				3CF1FAF61A11B222003564E0 /* Sources */,
				3CF1FAF71A11B222003564E0 /* Frameworks */,
				3CF1FAF81A11B222003564E0 /* CopyFiles */,
			);
			buildRules = (
			);
			dependencies = (
			);
			name = "继承1";
			productName = "继承1";
			productReference = 3CF1FAFA1A11B222003564E0 /* 继承1 */;
			productType = "com.apple.product-type.tool";
		};
/* End PBXNativeTarget section */

/* Begin PBXProject section */
		3CF1FAF21A11B222003564E0 /* Project object */ = {
			isa = PBXProject;
			attributes = {
				LastUpgradeCheck = 0610;
				ORGANIZATIONNAME = zkz;
				TargetAttributes = {
					3CF1FAF91A11B222003564E0 = {
						CreatedOnToolsVersion = 6.1;
					};
				};
			};
			buildConfigurationList = 3CF1FAF51A11B222003564E0 /* Build configuration list for PBXProject "继承1" */;
			compatibilityVersion = "Xcode 3.2";
			developmentRegion = English;
			hasScannedForEncodings = 0;
			knownRegions = (
				en,
			);
			mainGroup = 3CF1FAF11A11B222003564E0;
			productRefGroup = 3CF1FAFB1A11B222003564E0 /* Products */;
			projectDirPath = "";
			projectRoot = "";
			targets = (
				3CF1FAF91A11B222003564E0 /* 继承1 */,
			);
		};
/* End PBXProject section */

/* Begin PBXSourcesBuildPhase section */
		3CF1FAF61A11B222003564E0 /* Sources */ = {
			isa = PBXSourcesBuildPhase;
			buildActionMask = 2147483647;
			files = (
				3CF1FAFE1A11B222003564E0 /* main.m in Sources */,
				3CF1FB121A11C6ED003564E0 /* ZKZTriangle.m in Sources */,
				3CF1FB0F1A11BED4003564E0 /* ZKZCircle.m in Sources */,
				3CF1FB061A11B24F003564E0 /* ZKZShape.m in Sources */,
				3CF1FB0C1A11B847003564E0 /* ZKZSquare.m in Sources */,
				3CF1FB091A11B679003564E0 /* ZKZRectangle.m in Sources */,
			);
			runOnlyForDeploymentPostprocessing = 0;
		};
/* End PBXSourcesBuildPhase section */

/* Begin XCBuildConfiguration section */
		3CF1FAFF1A11B222003564E0 /* Debug */ = {
			isa = XCBuildConfiguration;
			buildSettings = {
				ALWAYS_SEARCH_USER_PATHS = NO;
				CLANG_CXX_LANGUAGE_STANDARD = "gnu++0x";
				CLANG_CXX_LIBRARY = "libc++";
				CLANG_ENABLE_MODULES = YES;
				CLANG_ENABLE_OBJC_ARC = YES;
				CLANG_WARN_BOOL_CONVERSION = YES;
				CLANG_WARN_CONSTANT_CONVERSION = YES;
				CLANG_WARN_DIRECT_OBJC_ISA_USAGE = YES_ERROR;
				CLANG_WARN_EMPTY_BODY = YES;
				CLANG_WARN_ENUM_CONVERSION = YES;
				CLANG_WARN_INT_CONVERSION = YES;
				CLANG_WARN_OBJC_ROOT_CLASS = YES_ERROR;
				CLANG_WARN_UNREACHABLE_CODE = YES;
				CLANG_WARN__DUPLICATE_METHOD_MATCH = YES;
				COPY_PHASE_STRIP = NO;
				ENABLE_STRICT_OBJC_MSGSEND = YES;
				GCC_C_LANGUAGE_STANDARD = gnu99;
				GCC_DYNAMIC_NO_PIC = NO;
				GCC_OPTIMIZATION_LEVEL = 0;
				GCC_PREPROCESSOR_DEFINITIONS = (
					"DEBUG=1",
					"$(inherited)",
				);
				GCC_SYMBOLS_PRIVATE_EXTERN = NO;
				GCC_WARN_64_TO_32_BIT_CONVERSION = YES;
				GCC_WARN_ABOUT_RETURN_TYPE = YES_ERROR;
				GCC_WARN_UNDECLARED_SELECTOR = YES;
				GCC_WARN_UNINITIALIZED_AUTOS = YES_AGGRESSIVE;
				GCC_WARN_UNUSED_FUNCTION = YES;
				GCC_WARN_UNUSED_VARIABLE = YES;
				MACOSX_DEPLOYMENT_TARGET = 10.9;
				MTL_ENABLE_DEBUG_INFO = YES;
				ONLY_ACTIVE_ARCH = YES;
				SDKROOT = macosx;
			};
			name = Debug;
		};
		3CF1FB001A11B222003564E0 /* Release */ = {
			isa = XCBuildConfiguration;
			buildSettings = {
				ALWAYS_SEARCH_USER_PATHS = NO;
				CLANG_CXX_LANGUAGE_STANDARD = "gnu++0x";
				CLANG_CXX_LIBRARY = "libc++";
				CLANG_ENABLE_MODULES = YES;
				CLANG_ENABLE_OBJC_ARC = YES;
				CLANG_WARN_BOOL_CONVERSION = YES;
				CLANG_WARN_CONSTANT_CONVERSION = YES;
				CLANG_WARN_DIRECT_OBJC_ISA_USAGE = YES_ERROR;
				CLANG_WARN_EMPTY_BODY = YES;
				CLANG_WARN_ENUM_CONVERSION = YES;
				CLANG_WARN_INT_CONVERSION = YES;
				CLANG_WARN_OBJC_ROOT_CLASS = YES_ERROR;
				CLANG_WARN_UNREACHABLE_CODE = YES;
				CLANG_WARN__DUPLICATE_METHOD_MATCH = YES;
				COPY_PHASE_STRIP = YES;
				DEBUG_INFORMATION_FORMAT = "dwarf-with-dsym";
				ENABLE_NS_ASSERTIONS = NO;
				ENABLE_STRICT_OBJC_MSGSEND = YES;
				GCC_C_LANGUAGE_STANDARD = gnu99;
				GCC_WARN_64_TO_32_BIT_CONVERSION = YES;
				GCC_WARN_ABOUT_RETURN_TYPE = YES_ERROR;
				GCC_WARN_UNDECLARED_SELECTOR = YES;
				GCC_WARN_UNINITIALIZED_AUTOS = YES_AGGRESSIVE;
				GCC_WARN_UNUSED_FUNCTION = YES;
				GCC_WARN_UNUSED_VARIABLE = YES;
				MACOSX_DEPLOYMENT_TARGET = 10.9;
				MTL_ENABLE_DEBUG_INFO = NO;
				SDKROOT = macosx;
			};
			name = Release;
		};
		3CF1FB021A11B222003564E0 /* Debug */ = {
			isa = XCBuildConfiguration;
			buildSettings = {
				PRODUCT_NAME = "$(TARGET_NAME)";
			};
			name = Debug;
		};
		3CF1FB031A11B222003564E0 /* Release */ = {
			isa = XCBuildConfiguration;
			buildSettings = {
				PRODUCT_NAME = "$(TARGET_NAME)";
			};
			name = Release;
		};
/* End XCBuildConfiguration section */

/* Begin XCConfigurationList section */
		3CF1FAF51A11B222003564E0 /* Build configuration list for PBXProject "继承1" */ = {
			isa = XCConfigurationList;
			buildConfigurations = (
				3CF1FAFF1A11B222003564E0 /* Debug */,
				3CF1FB001A11B222003564E0 /* Release */,
			);
			defaultConfigurationIsVisible = 0;
			defaultConfigurationName = Release;
		};
		3CF1FB011A11B222003564E0 /* Build configuration list for PBXNativeTarget "继承1" */ = {
			isa = XCConfigurationList;
			buildConfigurations = (
				3CF1FB021A11B222003564E0 /* Debug */,
				3CF1FB031A11B222003564E0 /* Release */,
			);
			defaultConfigurationIsVisible = 0;
		};
/* End XCConfigurationList section */
	};
	rootObject = 3CF1FAF21A11B222003564E0 /* Project object */;
}
