// !$*UTF8*$!
{
	archiveVersion = 1;
	classes = {
	};
	objectVersion = 46;
	objects = {

/* Begin PBXBuildFile section */
		3CA018A21A36A23500F8EF99 /* main.m in Sources */ = {isa = PBXBuildFile; fileRef = 3CA018A11A36A23500F8EF99 /* main.m */; };
		3CA018AA1A36A85100F8EF99 /* ZKZStudent.m in Sources */ = {isa = PBXBuildFile; fileRef = 3CA018A91A36A85100F8EF99 /* ZKZStudent.m */; };
/* End PBXBuildFile section */

/* Begin PBXCopyFilesBuildPhase section */
		3CA0189C1A36A23500F8EF99 /* CopyFiles */ = {
			isa = PBXCopyFilesBuildPhase;
			buildActionMask = 2147483647;
			dstPath = /usr/share/man/man1/;
			dstSubfolderSpec = 0;
			files = (
			);
			runOnlyForDeploymentPostprocessing = 1;
		};
/* End PBXCopyFilesBuildPhase section */

/* Begin PBXFileReference section */
		3CA0189E1A36A23500F8EF99 /* 谓词 */ = {isa = PBXFileReference; explicitFileType = "compiled.mach-o.executable"; includeInIndex = 0; path = "谓词"; sourceTree = BUILT_PRODUCTS_DIR; };
		3CA018A11A36A23500F8EF99 /* main.m */ = {isa = PBXFileReference; lastKnownFileType = sourcecode.c.objc; path = main.m; sourceTree = "<group>"; };
		3CA018A81A36A85100F8EF99 /* ZKZStudent.h */ = {isa = PBXFileReference; fileEncoding = 4; lastKnownFileType = sourcecode.c.h; path = ZKZStudent.h; sourceTree = "<group>"; };
		3CA018A91A36A85100F8EF99 /* ZKZStudent.m */ = {isa = PBXFileReference; fileEncoding = 4; lastKnownFileType = sourcecode.c.objc; path = ZKZStudent.m; sourceTree = "<group>"; };
/* End PBXFileReference section */

/* Begin PBXFrameworksBuildPhase section */
		3CA0189B1A36A23500F8EF99 /* Frameworks */ = {
			isa = PBXFrameworksBuildPhase;
			buildActionMask = 2147483647;
			files = (
			);
			runOnlyForDeploymentPostprocessing = 0;
		};
/* End PBXFrameworksBuildPhase section */

/* Begin PBXGroup section */
		3CA018951A36A23500F8EF99 = {
			isa = PBXGroup;
			children = (
				3CA018A01A36A23500F8EF99 /* 谓词 */,
				3CA0189F1A36A23500F8EF99 /* Products */,
			);
			sourceTree = "<group>";
		};
		3CA0189F1A36A23500F8EF99 /* Products */ = {
			isa = PBXGroup;
			children = (
				3CA0189E1A36A23500F8EF99 /* 谓词 */,
			);
			name = Products;
			sourceTree = "<group>";
		};
		3CA018A01A36A23500F8EF99 /* 谓词 */ = {
			isa = PBXGroup;
			children = (
				3CA018A11A36A23500F8EF99 /* main.m */,
				3CA018A81A36A85100F8EF99 /* ZKZStudent.h */,
				3CA018A91A36A85100F8EF99 /* ZKZStudent.m */,
			);
			path = "谓词";
			sourceTree = "<group>";
		};
/* End PBXGroup section */

/* Begin PBXNativeTarget section */
		3CA0189D1A36A23500F8EF99 /* 谓词 */ = {
			isa = PBXNativeTarget;
			buildConfigurationList = 3CA018A51A36A23500F8EF99 /* Build configuration list for PBXNativeTarget "谓词" */;
			buildPhases = (
				3CA0189A1A36A23500F8EF99 /* Sources */,
				3CA0189B1A36A23500F8EF99 /* Frameworks */,
				3CA0189C1A36A23500F8EF99 /* CopyFiles */,
			);
			buildRules = (
			);
			dependencies = (
			);
			name = "谓词";
			productName = "谓词";
			productReference = 3CA0189E1A36A23500F8EF99 /* 谓词 */;
			productType = "com.apple.product-type.tool";
		};
/* End PBXNativeTarget section */

/* Begin PBXProject section */
		3CA018961A36A23500F8EF99 /* Project object */ = {
			isa = PBXProject;
			attributes = {
				LastUpgradeCheck = 0610;
				ORGANIZATIONNAME = zkz;
				TargetAttributes = {
					3CA0189D1A36A23500F8EF99 = {
						CreatedOnToolsVersion = 6.1;
					};
				};
			};
			buildConfigurationList = 3CA018991A36A23500F8EF99 /* Build configuration list for PBXProject "谓词" */;
			compatibilityVersion = "Xcode 3.2";
			developmentRegion = English;
			hasScannedForEncodings = 0;
			knownRegions = (
				en,
			);
			mainGroup = 3CA018951A36A23500F8EF99;
			productRefGroup = 3CA0189F1A36A23500F8EF99 /* Products */;
			projectDirPath = "";
			projectRoot = "";
			targets = (
				3CA0189D1A36A23500F8EF99 /* 谓词 */,
			);
		};
/* End PBXProject section */

/* Begin PBXSourcesBuildPhase section */
		3CA0189A1A36A23500F8EF99 /* Sources */ = {
			isa = PBXSourcesBuildPhase;
			buildActionMask = 2147483647;
			files = (
				3CA018A21A36A23500F8EF99 /* main.m in Sources */,
				3CA018AA1A36A85100F8EF99 /* ZKZStudent.m in Sources */,
			);
			runOnlyForDeploymentPostprocessing = 0;
		};
/* End PBXSourcesBuildPhase section */

/* Begin XCBuildConfiguration section */
		3CA018A31A36A23500F8EF99 /* Debug */ = {
			isa = XCBuildConfiguration;
			buildSettings = {
				ALWAYS_SEARCH_USER_PATHS = NO;
				CLANG_CXX_LANGUAGE_STANDARD = "gnu++0x";
				CLANG_CXX_LIBRARY = "libc++";
				CLANG_ENABLE_MODULES = YES;
				CLANG_ENABLE_OBJC_ARC = YES;
				CLANG_WARN_BOOL_CONVERSION = YES;
				CLANG_WARN_CONSTANT_CONVERSION = YES;
				CLANG_WARN_DIRECT_OBJC_ISA_USAGE = YES_ERROR;
				CLANG_WARN_EMPTY_BODY = YES;
				CLANG_WARN_ENUM_CONVERSION = YES;
				CLANG_WARN_INT_CONVERSION = YES;
				CLANG_WARN_OBJC_ROOT_CLASS = YES_ERROR;
				CLANG_WARN_UNREACHABLE_CODE = YES;
				CLANG_WARN__DUPLICATE_METHOD_MATCH = YES;
				COPY_PHASE_STRIP = NO;
				ENABLE_STRICT_OBJC_MSGSEND = YES;
				GCC_C_LANGUAGE_STANDARD = gnu99;
				GCC_DYNAMIC_NO_PIC = NO;
				GCC_OPTIMIZATION_LEVEL = 0;
				GCC_PREPROCESSOR_DEFINITIONS = (
					"DEBUG=1",
					"$(inherited)",
				);
				GCC_SYMBOLS_PRIVATE_EXTERN = NO;
				GCC_WARN_64_TO_32_BIT_CONVERSION = YES;
				GCC_WARN_ABOUT_RETURN_TYPE = YES_ERROR;
				GCC_WARN_UNDECLARED_SELECTOR = YES;
				GCC_WARN_UNINITIALIZED_AUTOS = YES_AGGRESSIVE;
				GCC_WARN_UNUSED_FUNCTION = YES;
				GCC_WARN_UNUSED_VARIABLE = YES;
				MACOSX_DEPLOYMENT_TARGET = 10.9;
				MTL_ENABLE_DEBUG_INFO = YES;
				ONLY_ACTIVE_ARCH = YES;
				SDKROOT = macosx;
			};
			name = Debug;
		};
		3CA018A41A36A23500F8EF99 /* Release */ = {
			isa = XCBuildConfiguration;
			buildSettings = {
				ALWAYS_SEARCH_USER_PATHS = NO;
				CLANG_CXX_LANGUAGE_STANDARD = "gnu++0x";
				CLANG_CXX_LIBRARY = "libc++";
				CLANG_ENABLE_MODULES = YES;
				CLANG_ENABLE_OBJC_ARC = YES;
				CLANG_WARN_BOOL_CONVERSION = YES;
				CLANG_WARN_CONSTANT_CONVERSION = YES;
				CLANG_WARN_DIRECT_OBJC_ISA_USAGE = YES_ERROR;
				CLANG_WARN_EMPTY_BODY = YES;
				CLANG_WARN_ENUM_CONVERSION = YES;
				CLANG_WARN_INT_CONVERSION = YES;
				CLANG_WARN_OBJC_ROOT_CLASS = YES_ERROR;
				CLANG_WARN_UNREACHABLE_CODE = YES;
				CLANG_WARN__DUPLICATE_METHOD_MATCH = YES;
				COPY_PHASE_STRIP = YES;
				DEBUG_INFORMATION_FORMAT = "dwarf-with-dsym";
				ENABLE_NS_ASSERTIONS = NO;
				ENABLE_STRICT_OBJC_MSGSEND = YES;
				GCC_C_LANGUAGE_STANDARD = gnu99;
				GCC_WARN_64_TO_32_BIT_CONVERSION = YES;
				GCC_WARN_ABOUT_RETURN_TYPE = YES_ERROR;
				GCC_WARN_UNDECLARED_SELECTOR = YES;
				GCC_WARN_UNINITIALIZED_AUTOS = YES_AGGRESSIVE;
				GCC_WARN_UNUSED_FUNCTION = YES;
				GCC_WARN_UNUSED_VARIABLE = YES;
				MACOSX_DEPLOYMENT_TARGET = 10.9;
				MTL_ENABLE_DEBUG_INFO = NO;
				SDKROOT = macosx;
			};
			name = Release;
		};
		3CA018A61A36A23500F8EF99 /* Debug */ = {
			isa = XCBuildConfiguration;
			buildSettings = {
				PRODUCT_NAME = "$(TARGET_NAME)";
			};
			name = Debug;
		};
		3CA018A71A36A23500F8EF99 /* Release */ = {
			isa = XCBuildConfiguration;
			buildSettings = {
				PRODUCT_NAME = "$(TARGET_NAME)";
			};
			name = Release;
		};
/* End XCBuildConfiguration section */

/* Begin XCConfigurationList section */
		3CA018991A36A23500F8EF99 /* Build configuration list for PBXProject "谓词" */ = {
			isa = XCConfigurationList;
			buildConfigurations = (
				3CA018A31A36A23500F8EF99 /* Debug */,
				3CA018A41A36A23500F8EF99 /* Release */,
			);
			defaultConfigurationIsVisible = 0;
			defaultConfigurationName = Release;
		};
		3CA018A51A36A23500F8EF99 /* Build configuration list for PBXNativeTarget "谓词" */ = {
			isa = XCConfigurationList;
			buildConfigurations = (
				3CA018A61A36A23500F8EF99 /* Debug */,
				3CA018A71A36A23500F8EF99 /* Release */,
			);
			defaultConfigurationIsVisible = 0;
		};
/* End XCConfigurationList section */
	};
	rootObject = 3CA018961A36A23500F8EF99 /* Project object */;
}
